// !$*UTF8*$!
{
	archiveVersion = 1;
	classes = {
	};
	objectVersion = 46;
	objects = {

/* Begin PBXBuildFile section */
		143D68611DBEED1D00594824 /* MCMainTextView.m in Sources */ = {isa = PBXBuildFile; fileRef = 143D68601DBEED1D00594824 /* MCMainTextView.m */; };
		14B8C8CE1D391DFD009AFCAE /* main.m in Sources */ = {isa = PBXBuildFile; fileRef = 14B8C8CD1D391DFD009AFCAE /* main.m */; };
		14B8C8D11D391DFD009AFCAE /* AppDelegate.m in Sources */ = {isa = PBXBuildFile; fileRef = 14B8C8D01D391DFD009AFCAE /* AppDelegate.m */; };
		14B8C8D41D391DFD009AFCAE /* ViewController.m in Sources */ = {isa = PBXBuildFile; fileRef = 14B8C8D31D391DFD009AFCAE /* ViewController.m */; };
		14B8C8D71D391DFD009AFCAE /* Main.storyboard in Resources */ = {isa = PBXBuildFile; fileRef = 14B8C8D51D391DFD009AFCAE /* Main.storyboard */; };
		14B8C8D91D391DFD009AFCAE /* Assets.xcassets in Resources */ = {isa = PBXBuildFile; fileRef = 14B8C8D81D391DFD009AFCAE /* Assets.xcassets */; };
		14B8C8DC1D391DFD009AFCAE /* LaunchScreen.storyboard in Resources */ = {isa = PBXBuildFile; fileRef = 14B8C8DA1D391DFD009AFCAE /* LaunchScreen.storyboard */; };
		14B8C8E71D391DFE009AFCAE /* calcTests.m in Sources */ = {isa = PBXBuildFile; fileRef = 14B8C8E61D391DFE009AFCAE /* calcTests.m */; };
		14B8C8F21D391DFE009AFCAE /* calcUITests.m in Sources */ = {isa = PBXBuildFile; fileRef = 14B8C8F11D391DFE009AFCAE /* calcUITests.m */; };
		14F9F42F1DC8268C00346558 /* Calculator.m in Sources */ = {isa = PBXBuildFile; fileRef = 14F9F42E1DC8268C00346558 /* Calculator.m */; };
/* End PBXBuildFile section */

/* Begin PBXContainerItemProxy section */
		14B8C8E31D391DFE009AFCAE /* PBXContainerItemProxy */ = {
			isa = PBXContainerItemProxy;
			containerPortal = 14B8C8C11D391DFD009AFCAE /* Project object */;
			proxyType = 1;
			remoteGlobalIDString = 14B8C8C81D391DFD009AFCAE;
			remoteInfo = calc;
		};
		14B8C8EE1D391DFE009AFCAE /* PBXContainerItemProxy */ = {
			isa = PBXContainerItemProxy;
			containerPortal = 14B8C8C11D391DFD009AFCAE /* Project object */;
			proxyType = 1;
			remoteGlobalIDString = 14B8C8C81D391DFD009AFCAE;
			remoteInfo = calc;
		};
/* End PBXContainerItemProxy section */

/* Begin PBXFileReference section */
		143D685F1DBEED1D00594824 /* MCMainTextView.h */ = {isa = PBXFileReference; fileEncoding = 4; lastKnownFileType = sourcecode.c.h; path = MCMainTextView.h; sourceTree = "<group>"; };
		143D68601DBEED1D00594824 /* MCMainTextView.m */ = {isa = PBXFileReference; fileEncoding = 4; lastKnownFileType = sourcecode.c.objc; path = MCMainTextView.m; sourceTree = "<group>"; };
		14B8C8C91D391DFD009AFCAE /* calc.app */ = {isa = PBXFileReference; explicitFileType = wrapper.application; includeInIndex = 0; path = calc.app; sourceTree = BUILT_PRODUCTS_DIR; };
		14B8C8CD1D391DFD009AFCAE /* main.m */ = {isa = PBXFileReference; lastKnownFileType = sourcecode.c.objc; path = main.m; sourceTree = "<group>"; };
		14B8C8CF1D391DFD009AFCAE /* AppDelegate.h */ = {isa = PBXFileReference; lastKnownFileType = sourcecode.c.h; path = AppDelegate.h; sourceTree = "<group>"; };
		14B8C8D01D391DFD009AFCAE /* AppDelegate.m */ = {isa = PBXFileReference; lastKnownFileType = sourcecode.c.objc; path = AppDelegate.m; sourceTree = "<group>"; };
		14B8C8D21D391DFD009AFCAE /* ViewController.h */ = {isa = PBXFileReference; lastKnownFileType = sourcecode.c.h; path = ViewController.h; sourceTree = "<group>"; };
		14B8C8D31D391DFD009AFCAE /* ViewController.m */ = {isa = PBXFileReference; lastKnownFileType = sourcecode.c.objc; path = ViewController.m; sourceTree = "<group>"; };
		14B8C8D61D391DFD009AFCAE /* Base */ = {isa = PBXFileReference; lastKnownFileType = file.storyboard; name = Base; path = Base.lproj/Main.storyboard; sourceTree = "<group>"; };
		14B8C8D81D391DFD009AFCAE /* Assets.xcassets */ = {isa = PBXFileReference; lastKnownFileType = folder.assetcatalog; path = Assets.xcassets; sourceTree = "<group>"; };
		14B8C8DB1D391DFD009AFCAE /* Base */ = {isa = PBXFileReference; lastKnownFileType = file.storyboard; name = Base; path = Base.lproj/LaunchScreen.storyboard; sourceTree = "<group>"; };
		14B8C8DD1D391DFD009AFCAE /* Info.plist */ = {isa = PBXFileReference; lastKnownFileType = text.plist.xml; path = Info.plist; sourceTree = "<group>"; };
		14B8C8E21D391DFE009AFCAE /* calcTests.xctest */ = {isa = PBXFileReference; explicitFileType = wrapper.cfbundle; includeInIndex = 0; path = calcTests.xctest; sourceTree = BUILT_PRODUCTS_DIR; };
		14B8C8E61D391DFE009AFCAE /* calcTests.m */ = {isa = PBXFileReference; lastKnownFileType = sourcecode.c.objc; path = calcTests.m; sourceTree = "<group>"; };
		14B8C8E81D391DFE009AFCAE /* Info.plist */ = {isa = PBXFileReference; lastKnownFileType = text.plist.xml; path = Info.plist; sourceTree = "<group>"; };
		14B8C8ED1D391DFE009AFCAE /* calcUITests.xctest */ = {isa = PBXFileReference; explicitFileType = wrapper.cfbundle; includeInIndex = 0; path = calcUITests.xctest; sourceTree = BUILT_PRODUCTS_DIR; };
		14B8C8F11D391DFE009AFCAE /* calcUITests.m */ = {isa = PBXFileReference; lastKnownFileType = sourcecode.c.objc; path = calcUITests.m; sourceTree = "<group>"; };
		14B8C8F31D391DFE009AFCAE /* Info.plist */ = {isa = PBXFileReference; lastKnownFileType = text.plist.xml; path = Info.plist; sourceTree = "<group>"; };
		14F9F42D1DC8268C00346558 /* Calculator.h */ = {isa = PBXFileReference; fileEncoding = 4; lastKnownFileType = sourcecode.c.h; path = Calculator.h; sourceTree = "<group>"; };
		14F9F42E1DC8268C00346558 /* Calculator.m */ = {isa = PBXFileReference; fileEncoding = 4; lastKnownFileType = sourcecode.c.objc; path = Calculator.m; sourceTree = "<group>"; };
/* End PBXFileReference section */

/* Begin PBXFrameworksBuildPhase section */
		14B8C8C61D391DFD009AFCAE /* Frameworks */ = {
			isa = PBXFrameworksBuildPhase;
			buildActionMask = 2147483647;
			files = (
			);
			runOnlyForDeploymentPostprocessing = 0;
		};
		14B8C8DF1D391DFE009AFCAE /* Frameworks */ = {
			isa = PBXFrameworksBuildPhase;
			buildActionMask = 2147483647;
			files = (
			);
			runOnlyForDeploymentPostprocessing = 0;
		};
		14B8C8EA1D391DFE009AFCAE /* Frameworks */ = {
			isa = PBXFrameworksBuildPhase;
			buildActionMask = 2147483647;
			files = (
			);
			runOnlyForDeploymentPostprocessing = 0;
		};
/* End PBXFrameworksBuildPhase section */

/* Begin PBXGroup section */
		145B24101DBB6086007EA734 /* views */ = {
			isa = PBXGroup;
			children = (
				143D685F1DBEED1D00594824 /* MCMainTextView.h */,
				143D68601DBEED1D00594824 /* MCMainTextView.m */,
			);
			path = views;
			sourceTree = "<group>";
		};
		14B8C8C01D391DFD009AFCAE = {
			isa = PBXGroup;
			children = (
				14B8C8CB1D391DFD009AFCAE /* calc */,
				14B8C8E51D391DFE009AFCAE /* calcTests */,
				14B8C8F01D391DFE009AFCAE /* calcUITests */,
				14B8C8CA1D391DFD009AFCAE /* Products */,
			);
			sourceTree = "<group>";
		};
		14B8C8CA1D391DFD009AFCAE /* Products */ = {
			isa = PBXGroup;
			children = (
				14B8C8C91D391DFD009AFCAE /* calc.app */,
				14B8C8E21D391DFE009AFCAE /* calcTests.xctest */,
				14B8C8ED1D391DFE009AFCAE /* calcUITests.xctest */,
			);
			name = Products;
			sourceTree = "<group>";
		};
		14B8C8CB1D391DFD009AFCAE /* calc */ = {
			isa = PBXGroup;
			children = (
				145B24101DBB6086007EA734 /* views */,
				14B8C8CF1D391DFD009AFCAE /* AppDelegate.h */,
				14B8C8D01D391DFD009AFCAE /* AppDelegate.m */,
				14B8C8D21D391DFD009AFCAE /* ViewController.h */,
				14B8C8D31D391DFD009AFCAE /* ViewController.m */,
				14F9F42D1DC8268C00346558 /* Calculator.h */,
				14F9F42E1DC8268C00346558 /* Calculator.m */,
				14B8C8D51D391DFD009AFCAE /* Main.storyboard */,
				14B8C8D81D391DFD009AFCAE /* Assets.xcassets */,
				14B8C8DA1D391DFD009AFCAE /* LaunchScreen.storyboard */,
				14B8C8DD1D391DFD009AFCAE /* Info.plist */,
				14B8C8CC1D391DFD009AFCAE /* Supporting Files */,
			);
			path = calc;
			sourceTree = "<group>";
		};
		14B8C8CC1D391DFD009AFCAE /* Supporting Files */ = {
			isa = PBXGroup;
			children = (
				14B8C8CD1D391DFD009AFCAE /* main.m */,
			);
			name = "Supporting Files";
			sourceTree = "<group>";
		};
		14B8C8E51D391DFE009AFCAE /* calcTests */ = {
			isa = PBXGroup;
			children = (
				14B8C8E61D391DFE009AFCAE /* calcTests.m */,
				14B8C8E81D391DFE009AFCAE /* Info.plist */,
			);
			path = calcTests;
			sourceTree = "<group>";
		};
		14B8C8F01D391DFE009AFCAE /* calcUITests */ = {
			isa = PBXGroup;
			children = (
				14B8C8F11D391DFE009AFCAE /* calcUITests.m */,
				14B8C8F31D391DFE009AFCAE /* Info.plist */,
			);
			path = calcUITests;
			sourceTree = "<group>";
		};
/* End PBXGroup section */

/* Begin PBXNativeTarget section */
		14B8C8C81D391DFD009AFCAE /* calc */ = {
			isa = PBXNativeTarget;
			buildConfigurationList = 14B8C8F61D391DFE009AFCAE /* Build configuration list for PBXNativeTarget "calc" */;
			buildPhases = (
				14B8C8C51D391DFD009AFCAE /* Sources */,
				14B8C8C61D391DFD009AFCAE /* Frameworks */,
				14B8C8C71D391DFD009AFCAE /* Resources */,
			);
			buildRules = (
			);
			dependencies = (
			);
			name = calc;
			productName = calc;
			productReference = 14B8C8C91D391DFD009AFCAE /* calc.app */;
			productType = "com.apple.product-type.application";
		};
		14B8C8E11D391DFE009AFCAE /* calcTests */ = {
			isa = PBXNativeTarget;
			buildConfigurationList = 14B8C8F91D391DFE009AFCAE /* Build configuration list for PBXNativeTarget "calcTests" */;
			buildPhases = (
				14B8C8DE1D391DFE009AFCAE /* Sources */,
				14B8C8DF1D391DFE009AFCAE /* Frameworks */,
				14B8C8E01D391DFE009AFCAE /* Resources */,
			);
			buildRules = (
			);
			dependencies = (
				14B8C8E41D391DFE009AFCAE /* PBXTargetDependency */,
			);
			name = calcTests;
			productName = calcTests;
			productReference = 14B8C8E21D391DFE009AFCAE /* calcTests.xctest */;
			productType = "com.apple.product-type.bundle.unit-test";
		};
		14B8C8EC1D391DFE009AFCAE /* calcUITests */ = {
			isa = PBXNativeTarget;
			buildConfigurationList = 14B8C8FC1D391DFE009AFCAE /* Build configuration list for PBXNativeTarget "calcUITests" */;
			buildPhases = (
				14B8C8E91D391DFE009AFCAE /* Sources */,
				14B8C8EA1D391DFE009AFCAE /* Frameworks */,
				14B8C8EB1D391DFE009AFCAE /* Resources */,
			);
			buildRules = (
			);
			dependencies = (
				14B8C8EF1D391DFE009AFCAE /* PBXTargetDependency */,
			);
			name = calcUITests;
			productName = calcUITests;
			productReference = 14B8C8ED1D391DFE009AFCAE /* calcUITests.xctest */;
			productType = "com.apple.product-type.bundle.ui-testing";
		};
/* End PBXNativeTarget section */

/* Begin PBXProject section */
		14B8C8C11D391DFD009AFCAE /* Project object */ = {
			isa = PBXProject;
			attributes = {
				LastUpgradeCheck = 0730;
				ORGANIZATIONNAME = "Kirill Varlamov";
				TargetAttributes = {
					14B8C8C81D391DFD009AFCAE = {
						CreatedOnToolsVersion = 7.3.1;
					};
					14B8C8E11D391DFE009AFCAE = {
						CreatedOnToolsVersion = 7.3.1;
						TestTargetID = 14B8C8C81D391DFD009AFCAE;
					};
					14B8C8EC1D391DFE009AFCAE = {
						CreatedOnToolsVersion = 7.3.1;
						TestTargetID = 14B8C8C81D391DFD009AFCAE;
					};
				};
			};
			buildConfigurationList = 14B8C8C41D391DFD009AFCAE /* Build configuration list for PBXProject "calc" */;
			compatibilityVersion = "Xcode 3.2";
			developmentRegion = English;
			hasScannedForEncodings = 0;
			knownRegions = (
				en,
				Base,
			);
			mainGroup = 14B8C8C01D391DFD009AFCAE;
			productRefGroup = 14B8C8CA1D391DFD009AFCAE /* Products */;
			projectDirPath = "";
			projectRoot = "";
			targets = (
				14B8C8C81D391DFD009AFCAE /* calc */,
				14B8C8E11D391DFE009AFCAE /* calcTests */,
				14B8C8EC1D391DFE009AFCAE /* calcUITests */,
			);
		};
/* End PBXProject section */

/* Begin PBXResourcesBuildPhase section */
		14B8C8C71D391DFD009AFCAE /* Resources */ = {
			isa = PBXResourcesBuildPhase;
			buildActionMask = 2147483647;
			files = (
				14B8C8DC1D391DFD009AFCAE /* LaunchScreen.storyboard in Resources */,
				14B8C8D91D391DFD009AFCAE /* Assets.xcassets in Resources */,
				14B8C8D71D391DFD009AFCAE /* Main.storyboard in Resources */,
			);
			runOnlyForDeploymentPostprocessing = 0;
		};
		14B8C8E01D391DFE009AFCAE /* Resources */ = {
			isa = PBXResourcesBuildPhase;
			buildActionMask = 2147483647;
			files = (
			);
			runOnlyForDeploymentPostprocessing = 0;
		};
		14B8C8EB1D391DFE009AFCAE /* Resources */ = {
			isa = PBXResourcesBuildPhase;
			buildActionMask = 2147483647;
			files = (
			);
			runOnlyForDeploymentPostprocessing = 0;
		};
/* End PBXResourcesBuildPhase section */

/* Begin PBXSourcesBuildPhase section */
		14B8C8C51D391DFD009AFCAE /* Sources */ = {
			isa = PBXSourcesBuildPhase;
			buildActionMask = 2147483647;
			files = (
				143D68611DBEED1D00594824 /* MCMainTextView.m in Sources */,
				14B8C8D41D391DFD009AFCAE /* ViewController.m in Sources */,
				14B8C8D11D391DFD009AFCAE /* AppDelegate.m in Sources */,
				14B8C8CE1D391DFD009AFCAE /* main.m in Sources */,
				14F9F42F1DC8268C00346558 /* Calculator.m in Sources */,
			);
			runOnlyForDeploymentPostprocessing = 0;
		};
		14B8C8DE1D391DFE009AFCAE /* Sources */ = {
			isa = PBXSourcesBuildPhase;
			buildActionMask = 2147483647;
			files = (
				14B8C8E71D391DFE009AFCAE /* calcTests.m in Sources */,
			);
			runOnlyForDeploymentPostprocessing = 0;
		};
		14B8C8E91D391DFE009AFCAE /* Sources */ = {
			isa = PBXSourcesBuildPhase;
			buildActionMask = 2147483647;
			files = (
				14B8C8F21D391DFE009AFCAE /* calcUITests.m in Sources */,
			);
			runOnlyForDeploymentPostprocessing = 0;
		};
/* End PBXSourcesBuildPhase section */

/* Begin PBXTargetDependency section */
		14B8C8E41D391DFE009AFCAE /* PBXTargetDependency */ = {
			isa = PBXTargetDependency;
			target = 14B8C8C81D391DFD009AFCAE /* calc */;
			targetProxy = 14B8C8E31D391DFE009AFCAE /* PBXContainerItemProxy */;
		};
		14B8C8EF1D391DFE009AFCAE /* PBXTargetDependency */ = {
			isa = PBXTargetDependency;
			target = 14B8C8C81D391DFD009AFCAE /* calc */;
			targetProxy = 14B8C8EE1D391DFE009AFCAE /* PBXContainerItemProxy */;
		};
/* End PBXTargetDependency section */

/* Begin PBXVariantGroup section */
		14B8C8D51D391DFD009AFCAE /* Main.storyboard */ = {
			isa = PBXVariantGroup;
			children = (
				14B8C8D61D391DFD009AFCAE /* Base */,
			);
			name = Main.storyboard;
			sourceTree = "<group>";
		};
		14B8C8DA1D391DFD009AFCAE /* LaunchScreen.storyboard */ = {
			isa = PBXVariantGroup;
			children = (
				14B8C8DB1D391DFD009AFCAE /* Base */,
			);
			name = LaunchScreen.storyboard;
			sourceTree = "<group>";
		};
/* End PBXVariantGroup section */

/* Begin XCBuildConfiguration section */
		14B8C8F41D391DFE009AFCAE /* Debug */ = {
			isa = XCBuildConfiguration;
			buildSettings = {
				ALWAYS_SEARCH_USER_PATHS = NO;
				CLANG_ANALYZER_NONNULL = YES;
				CLANG_CXX_LANGUAGE_STANDARD = "gnu++0x";
				CLANG_CXX_LIBRARY = "libc++";
				CLANG_ENABLE_MODULES = YES;
				CLANG_ENABLE_OBJC_ARC = YES;
				CLANG_WARN_BOOL_CONVERSION = YES;
				CLANG_WARN_CONSTANT_CONVERSION = YES;
				CLANG_WARN_DIRECT_OBJC_ISA_USAGE = YES_ERROR;
				CLANG_WARN_EMPTY_BODY = YES;
				CLANG_WARN_ENUM_CONVERSION = YES;
				CLANG_WARN_INT_CONVERSION = YES;
				CLANG_WARN_OBJC_ROOT_CLASS = YES_ERROR;
				CLANG_WARN_UNREACHABLE_CODE = YES;
				CLANG_WARN__DUPLICATE_METHOD_MATCH = YES;
				"CODE_SIGN_IDENTITY[sdk=iphoneos*]" = "iPhone Developer";
				COPY_PHASE_STRIP = NO;
				DEBUG_INFORMATION_FORMAT = dwarf;
				ENABLE_STRICT_OBJC_MSGSEND = YES;
				ENABLE_TESTABILITY = YES;
				GCC_C_LANGUAGE_STANDARD = gnu99;
				GCC_DYNAMIC_NO_PIC = NO;
				GCC_NO_COMMON_BLOCKS = YES;
				GCC_OPTIMIZATION_LEVEL = 0;
				GCC_PREPROCESSOR_DEFINITIONS = (
					"DEBUG=1",
					"$(inherited)",
				);
				GCC_WARN_64_TO_32_BIT_CONVERSION = YES;
				GCC_WARN_ABOUT_RETURN_TYPE = YES_ERROR;
				GCC_WARN_UNDECLARED_SELECTOR = YES;
				GCC_WARN_UNINITIALIZED_AUTOS = YES_AGGRESSIVE;
				GCC_WARN_UNUSED_FUNCTION = YES;
				GCC_WARN_UNUSED_VARIABLE = YES;
				IPHONEOS_DEPLOYMENT_TARGET = 9.3;
				MTL_ENABLE_DEBUG_INFO = YES;
				ONLY_ACTIVE_ARCH = YES;
				SDKROOT = iphoneos;
				TARGETED_DEVICE_FAMILY = "1,2";
			};
			name = Debug;
		};
		14B8C8F51D391DFE009AFCAE /* Release */ = {
			isa = XCBuildConfiguration;
			buildSettings = {
				ALWAYS_SEARCH_USER_PATHS = NO;
				CLANG_ANALYZER_NONNULL = YES;
				CLANG_CXX_LANGUAGE_STANDARD = "gnu++0x";
				CLANG_CXX_LIBRARY = "libc++";
				CLANG_ENABLE_MODULES = YES;
				CLANG_ENABLE_OBJC_ARC = YES;
				CLANG_WARN_BOOL_CONVERSION = YES;
				CLANG_WARN_CONSTANT_CONVERSION = YES;
				CLANG_WARN_DIRECT_OBJC_ISA_USAGE = YES_ERROR;
				CLANG_WARN_EMPTY_BODY = YES;
				CLANG_WARN_ENUM_CONVERSION = YES;
				CLANG_WARN_INT_CONVERSION = YES;
				CLANG_WARN_OBJC_ROOT_CLASS = YES_ERROR;
				CLANG_WARN_UNREACHABLE_CODE = YES;
				CLANG_WARN__DUPLICATE_METHOD_MATCH = YES;
				"CODE_SIGN_IDENTITY[sdk=iphoneos*]" = "iPhone Developer";
				COPY_PHASE_STRIP = NO;
				DEBUG_INFORMATION_FORMAT = "dwarf-with-dsym";
				ENABLE_NS_ASSERTIONS = NO;
				ENABLE_STRICT_OBJC_MSGSEND = YES;
				GCC_C_LANGUAGE_STANDARD = gnu99;
				GCC_NO_COMMON_BLOCKS = YES;
				GCC_WARN_64_TO_32_BIT_CONVERSION = YES;
				GCC_WARN_ABOUT_RETURN_TYPE = YES_ERROR;
				GCC_WARN_UNDECLARED_SELECTOR = YES;
				GCC_WARN_UNINITIALIZED_AUTOS = YES_AGGRESSIVE;
				GCC_WARN_UNUSED_FUNCTION = YES;
				GCC_WARN_UNUSED_VARIABLE = YES;
				IPHONEOS_DEPLOYMENT_TARGET = 9.3;
				MTL_ENABLE_DEBUG_INFO = NO;
				SDKROOT = iphoneos;
				TARGETED_DEVICE_FAMILY = "1,2";
				VALIDATE_PRODUCT = YES;
			};
			name = Release;
		};
		14B8C8F71D391DFE009AFCAE /* Debug */ = {
			isa = XCBuildConfiguration;
			buildSettings = {
				ASSETCATALOG_COMPILER_APPICON_NAME = AppIcon;
				INFOPLIST_FILE = calc/Info.plist;
				LD_RUNPATH_SEARCH_PATHS = "$(inherited) @executable_path/Frameworks";
				PRODUCT_BUNDLE_IDENTIFIER = me.kirillvarlamov.calc;
				PRODUCT_NAME = "$(TARGET_NAME)";
			};
			name = Debug;
		};
		14B8C8F81D391DFE009AFCAE /* Release */ = {
			isa = XCBuildConfiguration;
			buildSettings = {
				ASSETCATALOG_COMPILER_APPICON_NAME = AppIcon;
				INFOPLIST_FILE = calc/Info.plist;
				LD_RUNPATH_SEARCH_PATHS = "$(inherited) @executable_path/Frameworks";
				PRODUCT_BUNDLE_IDENTIFIER = me.kirillvarlamov.calc;
				PRODUCT_NAME = "$(TARGET_NAME)";
			};
			name = Release;
		};
		14B8C8FA1D391DFE009AFCAE /* Debug */ = {
			isa = XCBuildConfiguration;
			buildSettings = {
				BUNDLE_LOADER = "$(TEST_HOST)";
				INFOPLIST_FILE = calcTests/Info.plist;
				LD_RUNPATH_SEARCH_PATHS = "$(inherited) @executable_path/Frameworks @loader_path/Frameworks";
				PRODUCT_BUNDLE_IDENTIFIER = me.kirillvarlamov.calcTests;
				PRODUCT_NAME = "$(TARGET_NAME)";
				TEST_HOST = "$(BUILT_PRODUCTS_DIR)/calc.app/calc";
			};
			name = Debug;
		};
		14B8C8FB1D391DFE009AFCAE /* Release */ = {
			isa = XCBuildConfiguration;
			buildSettings = {
				BUNDLE_LOADER = "$(TEST_HOST)";
				INFOPLIST_FILE = calcTests/Info.plist;
				LD_RUNPATH_SEARCH_PATHS = "$(inherited) @executable_path/Frameworks @loader_path/Frameworks";
				PRODUCT_BUNDLE_IDENTIFIER = me.kirillvarlamov.calcTests;
				PRODUCT_NAME = "$(TARGET_NAME)";
				TEST_HOST = "$(BUILT_PRODUCTS_DIR)/calc.app/calc";
			};
			name = Release;
		};
		14B8C8FD1D391DFE009AFCAE /* Debug */ = {
			isa = XCBuildConfiguration;
			buildSettings = {
				INFOPLIST_FILE = calcUITests/Info.plist;
				LD_RUNPATH_SEARCH_PATHS = "$(inherited) @executable_path/Frameworks @loader_path/Frameworks";
				PRODUCT_BUNDLE_IDENTIFIER = me.kirillvarlamov.calcUITests;
				PRODUCT_NAME = "$(TARGET_NAME)";
				TEST_TARGET_NAME = calc;
			};
			name = Debug;
		};
		14B8C8FE1D391DFE009AFCAE /* Release */ = {
			isa = XCBuildConfiguration;
			buildSettings = {
				INFOPLIST_FILE = calcUITests/Info.plist;
				LD_RUNPATH_SEARCH_PATHS = "$(inherited) @executable_path/Frameworks @loader_path/Frameworks";
				PRODUCT_BUNDLE_IDENTIFIER = me.kirillvarlamov.calcUITests;
				PRODUCT_NAME = "$(TARGET_NAME)";
				TEST_TARGET_NAME = calc;
			};
			name = Release;
		};
/* End XCBuildConfiguration section */

/* Begin XCConfigurationList section */
		14B8C8C41D391DFD009AFCAE /* Build configuration list for PBXProject "calc" */ = {
			isa = XCConfigurationList;
			buildConfigurations = (
				14B8C8F41D391DFE009AFCAE /* Debug */,
				14B8C8F51D391DFE009AFCAE /* Release */,
			);
			defaultConfigurationIsVisible = 0;
			defaultConfigurationName = Release;
		};
		14B8C8F61D391DFE009AFCAE /* Build configuration list for PBXNativeTarget "calc" */ = {
			isa = XCConfigurationList;
			buildConfigurations = (
				14B8C8F71D391DFE009AFCAE /* Debug */,
				14B8C8F81D391DFE009AFCAE /* Release */,
			);
			defaultConfigurationIsVisible = 0;
			defaultConfigurationName = Release;
		};
		14B8C8F91D391DFE009AFCAE /* Build configuration list for PBXNativeTarget "calcTests" */ = {
			isa = XCConfigurationList;
			buildConfigurations = (
				14B8C8FA1D391DFE009AFCAE /* Debug */,
				14B8C8FB1D391DFE009AFCAE /* Release */,
			);
			defaultConfigurationIsVisible = 0;
			defaultConfigurationName = Release;
		};
		14B8C8FC1D391DFE009AFCAE /* Build configuration list for PBXNativeTarget "calcUITests" */ = {
			isa = XCConfigurationList;
			buildConfigurations = (
				14B8C8FD1D391DFE009AFCAE /* Debug */,
				14B8C8FE1D391DFE009AFCAE /* Release */,
			);
			defaultConfigurationIsVisible = 0;
			defaultConfigurationName = Release;
		};
/* End XCConfigurationList section */
	};
	rootObject = 14B8C8C11D391DFD009AFCAE /* Project object */;
}
